// !$*UTF8*$!
{
	archiveVersion = 1;
	classes = {
	};
	objectVersion = 60;
	objects = {

/* Begin PBXBuildFile section */
		38020F302C43568500029E9A /* AdvancedSettingsView.swift in Sources */ = {isa = PBXBuildFile; fileRef = 38020F2F2C43567F00029E9A /* AdvancedSettingsView.swift */; };
		38020F352C43720200029E9A /* NavView.swift in Sources */ = {isa = PBXBuildFile; fileRef = 38020F342C4371FC00029E9A /* NavView.swift */; };
		38020F412C43754700029E9A /* LICENSE in Resources */ = {isa = PBXBuildFile; fileRef = 38020F3B2C43754700029E9A /* LICENSE */; };
		38020F422C43754700029E9A /* JITEnabler.m in Sources */ = {isa = PBXBuildFile; fileRef = 38020F3F2C43754700029E9A /* JITEnabler.m */; };
		38020F432C43754700029E9A /* EnableJIT.swift in Sources */ = {isa = PBXBuildFile; fileRef = 38020F362C43754700029E9A /* EnableJIT.swift */; };
		38020F442C43754700029E9A /* DetectServer.swift in Sources */ = {isa = PBXBuildFile; fileRef = 38020F372C43754700029E9A /* DetectServer.swift */; };
		38020F452C43754700029E9A /* fishhook.c in Sources */ = {isa = PBXBuildFile; fileRef = 38020F392C43754700029E9A /* fishhook.c */; };
		38020F462C43754700029E9A /* utils.m in Sources */ = {isa = PBXBuildFile; fileRef = 38020F3E2C43754700029E9A /* utils.m */; };
		38020F4A2C43760A00029E9A /* SudachiScreenView.swift in Sources */ = {isa = PBXBuildFile; fileRef = 38020F492C43760A00029E9A /* SudachiScreenView.swift */; };
		38020F4D2C43765400029E9A /* SudachiEmuHandler.swift in Sources */ = {isa = PBXBuildFile; fileRef = 38020F4C2C43765400029E9A /* SudachiEmuHandler.swift */; };
		38020F512C43769900029E9A /* MetalView.swift in Sources */ = {isa = PBXBuildFile; fileRef = 38020F502C43769600029E9A /* MetalView.swift */; };
		38020F542C43770500029E9A /* ControllerView.swift in Sources */ = {isa = PBXBuildFile; fileRef = 38020F532C4376F300029E9A /* ControllerView.swift */; };
		38020F562C43A02100029E9A /* BootOSView.swift in Sources */ = {isa = PBXBuildFile; fileRef = 38020F552C43A01D00029E9A /* BootOSView.swift */; };
		38020F5A2C43AFFA00029E9A /* CoreSettingsView.swift in Sources */ = {isa = PBXBuildFile; fileRef = 38020F592C43AFF300029E9A /* CoreSettingsView.swift */; };
		384F18922C1DCB520073375C /* Assets.xcassets in Resources */ = {isa = PBXBuildFile; fileRef = 384F18912C1DCB520073375C /* Assets.xcassets */; };
		386F6EE52C42E0B900C62EBE /* GameButtonView.swift in Sources */ = {isa = PBXBuildFile; fileRef = 386F6EDE2C42E0B900C62EBE /* GameButtonView.swift */; };
		386F6EE62C42E0B900C62EBE /* ContentView.swift in Sources */ = {isa = PBXBuildFile; fileRef = 386F6ED92C42E0B900C62EBE /* ContentView.swift */; };
		386F6EE72C42E0B900C62EBE /* GameListView.swift in Sources */ = {isa = PBXBuildFile; fileRef = 386F6EE02C42E0B900C62EBE /* GameListView.swift */; };
		386F6EE82C42E0B900C62EBE /* LibraryView.swift in Sources */ = {isa = PBXBuildFile; fileRef = 386F6EE22C42E0B900C62EBE /* LibraryView.swift */; };
		386F6EE92C42E0B900C62EBE /* FileManager.swift in Sources */ = {isa = PBXBuildFile; fileRef = 386F6EDA2C42E0B900C62EBE /* FileManager.swift */; };
		386F6EEA2C42E0B900C62EBE /* SudachiGame.swift in Sources */ = {isa = PBXBuildFile; fileRef = 386F6EDC2C42E0B900C62EBE /* SudachiGame.swift */; };
		386F6EEC2C42E0C800C62EBE /* PomeloApp.swift in Sources */ = {isa = PBXBuildFile; fileRef = 386F6EEB2C42E0C800C62EBE /* PomeloApp.swift */; };
		386F6EEF2C42E0EA00C62EBE /* SudachiEmuView.swift in Sources */ = {isa = PBXBuildFile; fileRef = 386F6EED2C42E0EA00C62EBE /* SudachiEmuView.swift */; };
		386F6F302C42E64000C62EBE /* SettingsView.swift in Sources */ = {isa = PBXBuildFile; fileRef = 386F6F2F2C42E63A00C62EBE /* SettingsView.swift */; };
		386F6F342C42E98700C62EBE /* InfoView.swift in Sources */ = {isa = PBXBuildFile; fileRef = 386F6F332C42E98700C62EBE /* InfoView.swift */; };
		38C50D012C1DCF150007A953 /* libavcodec.xcframework in Frameworks */ = {isa = PBXBuildFile; fileRef = 38C846AD2C1DCE8900331706 /* libavcodec.xcframework */; };
		38C50D022C1DCF160007A953 /* libavcodec.xcframework in Embed Frameworks */ = {isa = PBXBuildFile; fileRef = 38C846AD2C1DCE8900331706 /* libavcodec.xcframework */; settings = {ATTRIBUTES = (CodeSignOnCopy, RemoveHeadersOnCopy, ); }; };
		38C50D032C1DCF190007A953 /* libavformat.xcframework in Frameworks */ = {isa = PBXBuildFile; fileRef = 38C846AF2C1DCE8900331706 /* libavformat.xcframework */; };
		38C50D042C1DCF190007A953 /* libavformat.xcframework in Embed Frameworks */ = {isa = PBXBuildFile; fileRef = 38C846AF2C1DCE8900331706 /* libavformat.xcframework */; settings = {ATTRIBUTES = (CodeSignOnCopy, RemoveHeadersOnCopy, ); }; };
		38C50D052C1DCF1B0007A953 /* libavutil.xcframework in Frameworks */ = {isa = PBXBuildFile; fileRef = 38C846B02C1DCE8900331706 /* libavutil.xcframework */; };
		38C50D062C1DCF1B0007A953 /* libavutil.xcframework in Embed Frameworks */ = {isa = PBXBuildFile; fileRef = 38C846B02C1DCE8900331706 /* libavutil.xcframework */; settings = {ATTRIBUTES = (CodeSignOnCopy, RemoveHeadersOnCopy, ); }; };
		38C50D072C1DCF1E0007A953 /* libavfilter.xcframework in Frameworks */ = {isa = PBXBuildFile; fileRef = 38C846AE2C1DCE8900331706 /* libavfilter.xcframework */; };
		38C50D082C1DCF1E0007A953 /* libavfilter.xcframework in Embed Frameworks */ = {isa = PBXBuildFile; fileRef = 38C846AE2C1DCE8900331706 /* libavfilter.xcframework */; settings = {ATTRIBUTES = (CodeSignOnCopy, RemoveHeadersOnCopy, ); }; };
		38C50D092C1DCF3E0007A953 /* libswresample.xcframework in Frameworks */ = {isa = PBXBuildFile; fileRef = 38C846B12C1DCE8900331706 /* libswresample.xcframework */; };
		38C50D0A2C1DCF3E0007A953 /* libswresample.xcframework in Embed Frameworks */ = {isa = PBXBuildFile; fileRef = 38C846B12C1DCE8900331706 /* libswresample.xcframework */; settings = {ATTRIBUTES = (CodeSignOnCopy, RemoveHeadersOnCopy, ); }; };
		38C50D0B2C1DCF420007A953 /* libswscale.xcframework in Frameworks */ = {isa = PBXBuildFile; fileRef = 38C846B22C1DCE8900331706 /* libswscale.xcframework */; };
		38C50D0C2C1DCF420007A953 /* libswscale.xcframework in Embed Frameworks */ = {isa = PBXBuildFile; fileRef = 38C846B22C1DCE8900331706 /* libswscale.xcframework */; settings = {ATTRIBUTES = (CodeSignOnCopy, RemoveHeadersOnCopy, ); }; };
		38C50D0D2C1DCF480007A953 /* MoltenVK.xcframework in Frameworks */ = {isa = PBXBuildFile; fileRef = 38C846AC2C1DCE8900331706 /* MoltenVK.xcframework */; };
		38C50D0E2C1DCF480007A953 /* MoltenVK.xcframework in Embed Frameworks */ = {isa = PBXBuildFile; fileRef = 38C846AC2C1DCE8900331706 /* MoltenVK.xcframework */; settings = {ATTRIBUTES = (CodeSignOnCopy, RemoveHeadersOnCopy, ); }; };
		38C50D102C1DCF5F0007A953 /* SwiftSyntax in Frameworks */ = {isa = PBXBuildFile; productRef = 38C50D0F2C1DCF5F0007A953 /* SwiftSyntax */; };
		38C50D122C1DCF690007A953 /* SwiftSyntaxMacros in Frameworks */ = {isa = PBXBuildFile; productRef = 38C50D112C1DCF690007A953 /* SwiftSyntaxMacros */; };
		38C50D152C1DD4570007A953 /* GameController.framework in Frameworks */ = {isa = PBXBuildFile; fileRef = 38C50D142C1DD4570007A953 /* GameController.framework */; };
		38C50D172C1DD45F0007A953 /* CoreBluetooth.framework in Frameworks */ = {isa = PBXBuildFile; fileRef = 38C50D162C1DD45F0007A953 /* CoreBluetooth.framework */; };
		38C50D182C1DD5370007A953 /* boost_context.xcframework in Frameworks */ = {isa = PBXBuildFile; fileRef = 38C846B62C1DCE8900331706 /* boost_context.xcframework */; };
		38C50D1A2C1DD5390007A953 /* boost_iostreams.xcframework in Frameworks */ = {isa = PBXBuildFile; fileRef = 38C846B72C1DCE8900331706 /* boost_iostreams.xcframework */; };
		38C50D1C2C1DD53C0007A953 /* boost_program_options.xcframework in Frameworks */ = {isa = PBXBuildFile; fileRef = 38C846B82C1DCE8900331706 /* boost_program_options.xcframework */; };
		38C50D1E2C1DD5400007A953 /* boost_serialization.xcframework in Frameworks */ = {isa = PBXBuildFile; fileRef = 38C846B92C1DCE8900331706 /* boost_serialization.xcframework */; };
		38C50D202C1DD5450007A953 /* libcryptopp.xcframework in Frameworks */ = {isa = PBXBuildFile; fileRef = 38C846BA2C1DCE8900331706 /* libcryptopp.xcframework */; };
		38C50D222C1DD5490007A953 /* libdynarmic.xcframework in Frameworks */ = {isa = PBXBuildFile; fileRef = 38C846BB2C1DCE8900331706 /* libdynarmic.xcframework */; };
		38C50D242C1DD54B0007A953 /* libenet.xcframework in Frameworks */ = {isa = PBXBuildFile; fileRef = 38C846BC2C1DCE8900331706 /* libenet.xcframework */; };
		38C50D262C1DD54E0007A953 /* libfaad.xcframework in Frameworks */ = {isa = PBXBuildFile; fileRef = 38C846BD2C1DCE8900331706 /* libfaad.xcframework */; };
		38C50D282C1DD5510007A953 /* libfmt.xcframework in Frameworks */ = {isa = PBXBuildFile; fileRef = 38C846BE2C1DCE8900331706 /* libfmt.xcframework */; };
		38C50D2A2C1DD5530007A953 /* libGenericCodeGen.xcframework in Frameworks */ = {isa = PBXBuildFile; fileRef = 38C846B32C1DCE8900331706 /* libGenericCodeGen.xcframework */; };
		38C50D2C2C1DD5590007A953 /* libglslang.xcframework in Frameworks */ = {isa = PBXBuildFile; fileRef = 38C846B42C1DCE8900331706 /* libglslang.xcframework */; };
		38C50D2E2C1DD5650007A953 /* libmbedcrypto.xcframework in Frameworks */ = {isa = PBXBuildFile; fileRef = 38C846BF2C1DCE8900331706 /* libmbedcrypto.xcframework */; };
		38C50D302C1DD5690007A953 /* libmbedtls.xcframework in Frameworks */ = {isa = PBXBuildFile; fileRef = 38C846C02C1DCE8900331706 /* libmbedtls.xcframework */; };
		38C50D322C1DD56B0007A953 /* libmbedx509.xcframework in Frameworks */ = {isa = PBXBuildFile; fileRef = 38C846C12C1DCE8900331706 /* libmbedx509.xcframework */; };
		38C50D342C1DD56E0007A953 /* libmcl.xcframework in Frameworks */ = {isa = PBXBuildFile; fileRef = 38C846C22C1DCE8900331706 /* libmcl.xcframework */; };
		38C50D362C1DD5710007A953 /* libOpenAL.xcframework in Frameworks */ = {isa = PBXBuildFile; fileRef = 38C846C32C1DCE8900331706 /* libOpenAL.xcframework */; };
		38C50D382C1DD5740007A953 /* libopus.xcframework in Frameworks */ = {isa = PBXBuildFile; fileRef = 38C846C42C1DCE8900331706 /* libopus.xcframework */; };
		38C50D3A2C1DD5760007A953 /* libsirit.xcframework in Frameworks */ = {isa = PBXBuildFile; fileRef = 38C846C52C1DCE8900331706 /* libsirit.xcframework */; };
		38C50D3C2C1DD5780007A953 /* libSoundTouch.xcframework in Frameworks */ = {isa = PBXBuildFile; fileRef = 38C846C62C1DCE8900331706 /* libSoundTouch.xcframework */; };
		38C50D3E2C1DD57A0007A953 /* libSPIRV.xcframework in Frameworks */ = {isa = PBXBuildFile; fileRef = 38C846C72C1DCE8900331706 /* libSPIRV.xcframework */; };
		38C846552C1DCC7200331706 /* SDL in Frameworks */ = {isa = PBXBuildFile; productRef = 38C846542C1DCC7200331706 /* SDL */; };
		38C846592C1DCC8400331706 /* OpenSSL in Frameworks */ = {isa = PBXBuildFile; productRef = 38C846582C1DCC8400331706 /* OpenSSL */; };
		38C846CE2C1DCE8900331706 /* libMachineIndependent.xcframework in Frameworks */ = {isa = PBXBuildFile; fileRef = 38C846B52C1DCE8900331706 /* libMachineIndependent.xcframework */; };
		38C846E02C1DCE8900331706 /* libteakra.xcframework in Frameworks */ = {isa = PBXBuildFile; fileRef = 38C846C82C1DCE8900331706 /* libteakra.xcframework */; };
/* End PBXBuildFile section */

/* Begin PBXContainerItemProxy section */
		38C50CF22C1DCEA40007A953 /* PBXContainerItemProxy */ = {
			isa = PBXContainerItemProxy;
			containerPortal = 384F23C32C1DCBCC0073375C /* Sudachi.xcodeproj */;
			proxyType = 2;
			remoteGlobalIDString = E63583612B95822D00D35422;
			remoteInfo = Sudachi;
		};
/* End PBXContainerItemProxy section */

/* Begin PBXCopyFilesBuildPhase section */
		38C50D002C1DCEE90007A953 /* Embed Frameworks */ = {
			isa = PBXCopyFilesBuildPhase;
			buildActionMask = 2147483647;
			dstPath = "";
			dstSubfolderSpec = 10;
			files = (
				38C50D0E2C1DCF480007A953 /* MoltenVK.xcframework in Embed Frameworks */,
				38C50D082C1DCF1E0007A953 /* libavfilter.xcframework in Embed Frameworks */,
				38C50D042C1DCF190007A953 /* libavformat.xcframework in Embed Frameworks */,
				38C50D022C1DCF160007A953 /* libavcodec.xcframework in Embed Frameworks */,
				38C50D062C1DCF1B0007A953 /* libavutil.xcframework in Embed Frameworks */,
				38C50D0C2C1DCF420007A953 /* libswscale.xcframework in Embed Frameworks */,
				38C50D0A2C1DCF3E0007A953 /* libswresample.xcframework in Embed Frameworks */,
			);
			name = "Embed Frameworks";
			runOnlyForDeploymentPostprocessing = 0;
		};
/* End PBXCopyFilesBuildPhase section */

/* Begin PBXFileReference section */
		38020F2F2C43567F00029E9A /* AdvancedSettingsView.swift */ = {isa = PBXFileReference; lastKnownFileType = sourcecode.swift; path = AdvancedSettingsView.swift; sourceTree = "<group>"; };
		38020F342C4371FC00029E9A /* NavView.swift */ = {isa = PBXFileReference; lastKnownFileType = sourcecode.swift; path = NavView.swift; sourceTree = "<group>"; };
		38020F362C43754700029E9A /* EnableJIT.swift */ = {isa = PBXFileReference; lastKnownFileType = sourcecode.swift; path = EnableJIT.swift; sourceTree = "<group>"; };
		38020F372C43754700029E9A /* DetectServer.swift */ = {isa = PBXFileReference; lastKnownFileType = sourcecode.swift; path = DetectServer.swift; sourceTree = "<group>"; };
		38020F392C43754700029E9A /* fishhook.c */ = {isa = PBXFileReference; lastKnownFileType = sourcecode.c.c; path = fishhook.c; sourceTree = "<group>"; };
		38020F3A2C43754700029E9A /* fishhook.h */ = {isa = PBXFileReference; lastKnownFileType = sourcecode.c.h; path = fishhook.h; sourceTree = "<group>"; };
		38020F3B2C43754700029E9A /* LICENSE */ = {isa = PBXFileReference; lastKnownFileType = text; path = LICENSE; sourceTree = "<group>"; };
		38020F3D2C43754700029E9A /* utils.h */ = {isa = PBXFileReference; lastKnownFileType = sourcecode.c.h; path = utils.h; sourceTree = "<group>"; };
		38020F3E2C43754700029E9A /* utils.m */ = {isa = PBXFileReference; lastKnownFileType = sourcecode.c.objc; path = utils.m; sourceTree = "<group>"; };
		38020F3F2C43754700029E9A /* JITEnabler.m */ = {isa = PBXFileReference; lastKnownFileType = sourcecode.c.objc; path = JITEnabler.m; sourceTree = "<group>"; };
		38020F492C43760A00029E9A /* SudachiScreenView.swift */ = {isa = PBXFileReference; lastKnownFileType = sourcecode.swift; path = SudachiScreenView.swift; sourceTree = "<group>"; };
		38020F4C2C43765400029E9A /* SudachiEmuHandler.swift */ = {isa = PBXFileReference; lastKnownFileType = sourcecode.swift; path = SudachiEmuHandler.swift; sourceTree = "<group>"; };
		38020F502C43769600029E9A /* MetalView.swift */ = {isa = PBXFileReference; lastKnownFileType = sourcecode.swift; path = MetalView.swift; sourceTree = "<group>"; };
		38020F532C4376F300029E9A /* ControllerView.swift */ = {isa = PBXFileReference; lastKnownFileType = sourcecode.swift; path = ControllerView.swift; sourceTree = "<group>"; };
		38020F552C43A01D00029E9A /* BootOSView.swift */ = {isa = PBXFileReference; lastKnownFileType = sourcecode.swift; path = BootOSView.swift; sourceTree = "<group>"; };
		38020F592C43AFF300029E9A /* CoreSettingsView.swift */ = {isa = PBXFileReference; lastKnownFileType = sourcecode.swift; path = CoreSettingsView.swift; sourceTree = "<group>"; };
		384F188A2C1DCB4F0073375C /* Pomelo.app */ = {isa = PBXFileReference; explicitFileType = wrapper.application; includeInIndex = 0; path = Pomelo.app; sourceTree = BUILT_PRODUCTS_DIR; };
		384F18912C1DCB520073375C /* Assets.xcassets */ = {isa = PBXFileReference; lastKnownFileType = folder.assetcatalog; path = Assets.xcassets; sourceTree = "<group>"; };
		384F18962C1DCB520073375C /* Pomelo.entitlements */ = {isa = PBXFileReference; lastKnownFileType = text.plist.entitlements; path = Pomelo.entitlements; sourceTree = "<group>"; };
		384F23C32C1DCBCC0073375C /* Sudachi.xcodeproj */ = {isa = PBXFileReference; lastKnownFileType = "wrapper.pb-project"; name = Sudachi.xcodeproj; path = Sudachi/Sudachi.xcodeproj; sourceTree = "<group>"; };
		386F6ED92C42E0B900C62EBE /* ContentView.swift */ = {isa = PBXFileReference; lastKnownFileType = sourcecode.swift; path = ContentView.swift; sourceTree = "<group>"; };
		386F6EDA2C42E0B900C62EBE /* FileManager.swift */ = {isa = PBXFileReference; lastKnownFileType = sourcecode.swift; path = FileManager.swift; sourceTree = "<group>"; };
		386F6EDC2C42E0B900C62EBE /* SudachiGame.swift */ = {isa = PBXFileReference; lastKnownFileType = sourcecode.swift; path = SudachiGame.swift; sourceTree = "<group>"; };
		386F6EDE2C42E0B900C62EBE /* GameButtonView.swift */ = {isa = PBXFileReference; lastKnownFileType = sourcecode.swift; path = GameButtonView.swift; sourceTree = "<group>"; };
		386F6EE02C42E0B900C62EBE /* GameListView.swift */ = {isa = PBXFileReference; lastKnownFileType = sourcecode.swift; path = GameListView.swift; sourceTree = "<group>"; };
		386F6EE22C42E0B900C62EBE /* LibraryView.swift */ = {isa = PBXFileReference; lastKnownFileType = sourcecode.swift; path = LibraryView.swift; sourceTree = "<group>"; };
		386F6EEB2C42E0C800C62EBE /* PomeloApp.swift */ = {isa = PBXFileReference; lastKnownFileType = sourcecode.swift; path = PomeloApp.swift; sourceTree = "<group>"; };
		386F6EED2C42E0EA00C62EBE /* SudachiEmuView.swift */ = {isa = PBXFileReference; lastKnownFileType = sourcecode.swift; path = SudachiEmuView.swift; sourceTree = "<group>"; };
		386F6F2F2C42E63A00C62EBE /* SettingsView.swift */ = {isa = PBXFileReference; lastKnownFileType = sourcecode.swift; path = SettingsView.swift; sourceTree = "<group>"; };
		386F6F332C42E98700C62EBE /* InfoView.swift */ = {isa = PBXFileReference; lastKnownFileType = sourcecode.swift; path = InfoView.swift; sourceTree = "<group>"; };
		38C50D142C1DD4570007A953 /* GameController.framework */ = {isa = PBXFileReference; lastKnownFileType = wrapper.framework; name = GameController.framework; path = Platforms/iPhoneOS.platform/Developer/SDKs/iPhoneOS18.0.sdk/System/Library/Frameworks/GameController.framework; sourceTree = DEVELOPER_DIR; };
		38C50D162C1DD45F0007A953 /* CoreBluetooth.framework */ = {isa = PBXFileReference; lastKnownFileType = wrapper.framework; name = CoreBluetooth.framework; path = Platforms/iPhoneOS.platform/Developer/SDKs/iPhoneOS18.0.sdk/System/Library/Frameworks/CoreBluetooth.framework; sourceTree = DEVELOPER_DIR; };
		38C50D482C1DD7BA0007A953 /* Info.plist */ = {isa = PBXFileReference; lastKnownFileType = text.plist; path = Info.plist; sourceTree = "<group>"; };
		38C846AC2C1DCE8900331706 /* MoltenVK.xcframework */ = {isa = PBXFileReference; lastKnownFileType = wrapper.xcframework; path = MoltenVK.xcframework; sourceTree = "<group>"; };
		38C846AD2C1DCE8900331706 /* libavcodec.xcframework */ = {isa = PBXFileReference; lastKnownFileType = wrapper.xcframework; path = libavcodec.xcframework; sourceTree = "<group>"; };
		38C846AE2C1DCE8900331706 /* libavfilter.xcframework */ = {isa = PBXFileReference; lastKnownFileType = wrapper.xcframework; path = libavfilter.xcframework; sourceTree = "<group>"; };
		38C846AF2C1DCE8900331706 /* libavformat.xcframework */ = {isa = PBXFileReference; lastKnownFileType = wrapper.xcframework; path = libavformat.xcframework; sourceTree = "<group>"; };
		38C846B02C1DCE8900331706 /* libavutil.xcframework */ = {isa = PBXFileReference; lastKnownFileType = wrapper.xcframework; path = libavutil.xcframework; sourceTree = "<group>"; };
		38C846B12C1DCE8900331706 /* libswresample.xcframework */ = {isa = PBXFileReference; lastKnownFileType = wrapper.xcframework; path = libswresample.xcframework; sourceTree = "<group>"; };
		38C846B22C1DCE8900331706 /* libswscale.xcframework */ = {isa = PBXFileReference; lastKnownFileType = wrapper.xcframework; path = libswscale.xcframework; sourceTree = "<group>"; };
		38C846B32C1DCE8900331706 /* libGenericCodeGen.xcframework */ = {isa = PBXFileReference; lastKnownFileType = wrapper.xcframework; path = libGenericCodeGen.xcframework; sourceTree = "<group>"; };
		38C846B42C1DCE8900331706 /* libglslang.xcframework */ = {isa = PBXFileReference; lastKnownFileType = wrapper.xcframework; path = libglslang.xcframework; sourceTree = "<group>"; };
		38C846B52C1DCE8900331706 /* libMachineIndependent.xcframework */ = {isa = PBXFileReference; lastKnownFileType = wrapper.xcframework; path = libMachineIndependent.xcframework; sourceTree = "<group>"; };
		38C846B62C1DCE8900331706 /* boost_context.xcframework */ = {isa = PBXFileReference; lastKnownFileType = wrapper.xcframework; path = boost_context.xcframework; sourceTree = "<group>"; };
		38C846B72C1DCE8900331706 /* boost_iostreams.xcframework */ = {isa = PBXFileReference; lastKnownFileType = wrapper.xcframework; path = boost_iostreams.xcframework; sourceTree = "<group>"; };
		38C846B82C1DCE8900331706 /* boost_program_options.xcframework */ = {isa = PBXFileReference; lastKnownFileType = wrapper.xcframework; path = boost_program_options.xcframework; sourceTree = "<group>"; };
		38C846B92C1DCE8900331706 /* boost_serialization.xcframework */ = {isa = PBXFileReference; lastKnownFileType = wrapper.xcframework; path = boost_serialization.xcframework; sourceTree = "<group>"; };
		38C846BA2C1DCE8900331706 /* libcryptopp.xcframework */ = {isa = PBXFileReference; lastKnownFileType = wrapper.xcframework; path = libcryptopp.xcframework; sourceTree = "<group>"; };
		38C846BB2C1DCE8900331706 /* libdynarmic.xcframework */ = {isa = PBXFileReference; lastKnownFileType = wrapper.xcframework; path = libdynarmic.xcframework; sourceTree = "<group>"; };
		38C846BC2C1DCE8900331706 /* libenet.xcframework */ = {isa = PBXFileReference; lastKnownFileType = wrapper.xcframework; path = libenet.xcframework; sourceTree = "<group>"; };
		38C846BD2C1DCE8900331706 /* libfaad.xcframework */ = {isa = PBXFileReference; lastKnownFileType = wrapper.xcframework; path = libfaad.xcframework; sourceTree = "<group>"; };
		38C846BE2C1DCE8900331706 /* libfmt.xcframework */ = {isa = PBXFileReference; lastKnownFileType = wrapper.xcframework; path = libfmt.xcframework; sourceTree = "<group>"; };
		38C846BF2C1DCE8900331706 /* libmbedcrypto.xcframework */ = {isa = PBXFileReference; lastKnownFileType = wrapper.xcframework; path = libmbedcrypto.xcframework; sourceTree = "<group>"; };
		38C846C02C1DCE8900331706 /* libmbedtls.xcframework */ = {isa = PBXFileReference; lastKnownFileType = wrapper.xcframework; path = libmbedtls.xcframework; sourceTree = "<group>"; };
		38C846C12C1DCE8900331706 /* libmbedx509.xcframework */ = {isa = PBXFileReference; lastKnownFileType = wrapper.xcframework; path = libmbedx509.xcframework; sourceTree = "<group>"; };
		38C846C22C1DCE8900331706 /* libmcl.xcframework */ = {isa = PBXFileReference; lastKnownFileType = wrapper.xcframework; path = libmcl.xcframework; sourceTree = "<group>"; };
		38C846C32C1DCE8900331706 /* libOpenAL.xcframework */ = {isa = PBXFileReference; lastKnownFileType = wrapper.xcframework; path = libOpenAL.xcframework; sourceTree = "<group>"; };
		38C846C42C1DCE8900331706 /* libopus.xcframework */ = {isa = PBXFileReference; lastKnownFileType = wrapper.xcframework; path = libopus.xcframework; sourceTree = "<group>"; };
		38C846C52C1DCE8900331706 /* libsirit.xcframework */ = {isa = PBXFileReference; lastKnownFileType = wrapper.xcframework; path = libsirit.xcframework; sourceTree = "<group>"; };
		38C846C62C1DCE8900331706 /* libSoundTouch.xcframework */ = {isa = PBXFileReference; lastKnownFileType = wrapper.xcframework; path = libSoundTouch.xcframework; sourceTree = "<group>"; };
		38C846C72C1DCE8900331706 /* libSPIRV.xcframework */ = {isa = PBXFileReference; lastKnownFileType = wrapper.xcframework; path = libSPIRV.xcframework; sourceTree = "<group>"; };
		38C846C82C1DCE8900331706 /* libteakra.xcframework */ = {isa = PBXFileReference; lastKnownFileType = wrapper.xcframework; path = libteakra.xcframework; sourceTree = "<group>"; };
		38F284CB2C2683A000994A77 /* Makefile */ = {isa = PBXFileReference; lastKnownFileType = sourcecode.make; path = Makefile; sourceTree = "<group>"; };
/* End PBXFileReference section */

/* Begin PBXFrameworksBuildPhase section */
		384F18872C1DCB4F0073375C /* Frameworks */ = {
			isa = PBXFrameworksBuildPhase;
			buildActionMask = 2147483647;
			files = (
				38C50D3A2C1DD5760007A953 /* libsirit.xcframework in Frameworks */,
				38C846552C1DCC7200331706 /* SDL in Frameworks */,
				38C50D302C1DD5690007A953 /* libmbedtls.xcframework in Frameworks */,
				38C846CE2C1DCE8900331706 /* libMachineIndependent.xcframework in Frameworks */,
				38C50D242C1DD54B0007A953 /* libenet.xcframework in Frameworks */,
				38C50D2C2C1DD5590007A953 /* libglslang.xcframework in Frameworks */,
				38C50D182C1DD5370007A953 /* boost_context.xcframework in Frameworks */,
				38C50D3C2C1DD5780007A953 /* libSoundTouch.xcframework in Frameworks */,
				38C50D382C1DD5740007A953 /* libopus.xcframework in Frameworks */,
				38C50D3E2C1DD57A0007A953 /* libSPIRV.xcframework in Frameworks */,
				38C50D2A2C1DD5530007A953 /* libGenericCodeGen.xcframework in Frameworks */,
				38C50D122C1DCF690007A953 /* SwiftSyntaxMacros in Frameworks */,
				38C50D092C1DCF3E0007A953 /* libswresample.xcframework in Frameworks */,
				38C50D0B2C1DCF420007A953 /* libswscale.xcframework in Frameworks */,
				38C50D202C1DD5450007A953 /* libcryptopp.xcframework in Frameworks */,
				38C50D172C1DD45F0007A953 /* CoreBluetooth.framework in Frameworks */,
				38C50D0D2C1DCF480007A953 /* MoltenVK.xcframework in Frameworks */,
				38C50D1E2C1DD5400007A953 /* boost_serialization.xcframework in Frameworks */,
				38C50D342C1DD56E0007A953 /* libmcl.xcframework in Frameworks */,
				38C50D362C1DD5710007A953 /* libOpenAL.xcframework in Frameworks */,
				38C50D032C1DCF190007A953 /* libavformat.xcframework in Frameworks */,
				38C50D262C1DD54E0007A953 /* libfaad.xcframework in Frameworks */,
				38C50D222C1DD5490007A953 /* libdynarmic.xcframework in Frameworks */,
				38C50D072C1DCF1E0007A953 /* libavfilter.xcframework in Frameworks */,
				38C50D2E2C1DD5650007A953 /* libmbedcrypto.xcframework in Frameworks */,
				38C846E02C1DCE8900331706 /* libteakra.xcframework in Frameworks */,
				38C50D1C2C1DD53C0007A953 /* boost_program_options.xcframework in Frameworks */,
				38C50D152C1DD4570007A953 /* GameController.framework in Frameworks */,
				38C50D1A2C1DD5390007A953 /* boost_iostreams.xcframework in Frameworks */,
				38C50D052C1DCF1B0007A953 /* libavutil.xcframework in Frameworks */,
				38C50D012C1DCF150007A953 /* libavcodec.xcframework in Frameworks */,
				38C50D102C1DCF5F0007A953 /* SwiftSyntax in Frameworks */,
				38C846592C1DCC8400331706 /* OpenSSL in Frameworks */,
				38C50D282C1DD5510007A953 /* libfmt.xcframework in Frameworks */,
				38C50D322C1DD56B0007A953 /* libmbedx509.xcframework in Frameworks */,
			);
			runOnlyForDeploymentPostprocessing = 0;
		};
/* End PBXFrameworksBuildPhase section */

/* Begin PBXGroup section */
		38020F2E2C43566B00029E9A /* AdvancedSettings */ = {
			isa = PBXGroup;
			children = (
				38020F2F2C43567F00029E9A /* AdvancedSettingsView.swift */,
			);
			path = AdvancedSettings;
			sourceTree = "<group>";
		};
		38020F332C4371ED00029E9A /* NavigationManager */ = {
			isa = PBXGroup;
			children = (
				38020F342C4371FC00029E9A /* NavView.swift */,
			);
			path = NavigationManager;
			sourceTree = "<group>";
		};
		38020F382C43754700029E9A /* SideJITServer */ = {
			isa = PBXGroup;
			children = (
				38020F362C43754700029E9A /* EnableJIT.swift */,
				38020F372C43754700029E9A /* DetectServer.swift */,
			);
			path = SideJITServer;
			sourceTree = "<group>";
		};
		38020F3C2C43754700029E9A /* fishhook */ = {
			isa = PBXGroup;
			children = (
				38020F392C43754700029E9A /* fishhook.c */,
				38020F3A2C43754700029E9A /* fishhook.h */,
				38020F3B2C43754700029E9A /* LICENSE */,
			);
			path = fishhook;
			sourceTree = "<group>";
		};
		38020F402C43754700029E9A /* Trollstore */ = {
			isa = PBXGroup;
			children = (
				38020F3C2C43754700029E9A /* fishhook */,
				38020F3D2C43754700029E9A /* utils.h */,
				38020F3E2C43754700029E9A /* utils.m */,
				38020F3F2C43754700029E9A /* JITEnabler.m */,
			);
			path = Trollstore;
			sourceTree = "<group>";
		};
		38020F472C4375C300029E9A /* BootOSManager */ = {
			isa = PBXGroup;
			children = (
				38020F552C43A01D00029E9A /* BootOSView.swift */,
			);
			path = BootOSManager;
			sourceTree = "<group>";
		};
		38020F482C4375FC00029E9A /* Screen */ = {
			isa = PBXGroup;
			children = (
				38020F492C43760A00029E9A /* SudachiScreenView.swift */,
			);
			path = Screen;
			sourceTree = "<group>";
		};
		38020F4B2C43764100029E9A /* EmuHandler */ = {
			isa = PBXGroup;
			children = (
				38020F4C2C43765400029E9A /* SudachiEmuHandler.swift */,
			);
			path = EmuHandler;
			sourceTree = "<group>";
		};
		38020F4F2C43768E00029E9A /* MetalViews */ = {
			isa = PBXGroup;
			children = (
				38020F502C43769600029E9A /* MetalView.swift */,
			);
			path = MetalViews;
			sourceTree = "<group>";
		};
		38020F522C4376DE00029E9A /* ControllerHandler */ = {
			isa = PBXGroup;
			children = (
				38020F532C4376F300029E9A /* ControllerView.swift */,
			);
			path = ControllerHandler;
			sourceTree = "<group>";
		};
		38020F572C43AFD400029E9A /* CoreSettings */ = {
			isa = PBXGroup;
			children = (
				38020F592C43AFF300029E9A /* CoreSettingsView.swift */,
			);
			path = CoreSettings;
			sourceTree = "<group>";
		};
		384F18812C1DCB4F0073375C = {
			isa = PBXGroup;
			children = (
				38F284CB2C2683A000994A77 /* Makefile */,
				384F23C32C1DCBCC0073375C /* Sudachi.xcodeproj */,
				384F188C2C1DCB4F0073375C /* Pomelo */,
				384F188B2C1DCB4F0073375C /* Products */,
				38C50D132C1DD4570007A953 /* Frameworks */,
			);
			sourceTree = "<group>";
			wrapsLines = 0;
		};
		384F188B2C1DCB4F0073375C /* Products */ = {
			isa = PBXGroup;
			children = (
				384F188A2C1DCB4F0073375C /* Pomelo.app */,
			);
			name = Products;
			sourceTree = "<group>";
		};
		384F188C2C1DCB4F0073375C /* Pomelo */ = {
			isa = PBXGroup;
			children = (
				386F6F352C42E9D200C62EBE /* JITClasses */,
				386F6EEB2C42E0C800C62EBE /* PomeloApp.swift */,
				386F6ED92C42E0B900C62EBE /* ContentView.swift */,
				38020F4F2C43768E00029E9A /* MetalViews */,
				38020F472C4375C300029E9A /* BootOSManager */,
				38020F332C4371ED00029E9A /* NavigationManager */,
				386F6F2E2C42E62200C62EBE /* SettingsViews */,
				386F6EDB2C42E0B900C62EBE /* FilesManager */,
				386F6EDD2C42E0B900C62EBE /* GameManager */,
				386F6EE32C42E0B900C62EBE /* LibraryViews */,
				386F6EEE2C42E0EA00C62EBE /* EmulationView */,
				38C50D482C1DD7BA0007A953 /* Info.plist */,
				38C846CA2C1DCE8900331706 /* Dependencies */,
				384F18912C1DCB520073375C /* Assets.xcassets */,
				384F18962C1DCB520073375C /* Pomelo.entitlements */,
			);
			path = Pomelo;
			sourceTree = "<group>";
		};
		386F6EDB2C42E0B900C62EBE /* FilesManager */ = {
			isa = PBXGroup;
			children = (
				386F6EDA2C42E0B900C62EBE /* FileManager.swift */,
			);
			path = FilesManager;
			sourceTree = "<group>";
		};
		386F6EDD2C42E0B900C62EBE /* GameManager */ = {
			isa = PBXGroup;
			children = (
				386F6EDC2C42E0B900C62EBE /* SudachiGame.swift */,
			);
			path = GameManager;
			sourceTree = "<group>";
		};
		386F6EDF2C42E0B900C62EBE /* GameButton */ = {
			isa = PBXGroup;
			children = (
				386F6EDE2C42E0B900C62EBE /* GameButtonView.swift */,
			);
			path = GameButton;
			sourceTree = "<group>";
		};
		386F6EE12C42E0B900C62EBE /* GameList */ = {
			isa = PBXGroup;
			children = (
				386F6EE02C42E0B900C62EBE /* GameListView.swift */,
			);
			path = GameList;
			sourceTree = "<group>";
		};
		386F6EE32C42E0B900C62EBE /* LibraryViews */ = {
			isa = PBXGroup;
			children = (
				386F6EDF2C42E0B900C62EBE /* GameButton */,
				386F6EE12C42E0B900C62EBE /* GameList */,
				386F6EE22C42E0B900C62EBE /* LibraryView.swift */,
			);
			path = LibraryViews;
			sourceTree = "<group>";
		};
		386F6EEE2C42E0EA00C62EBE /* EmulationView */ = {
			isa = PBXGroup;
			children = (
				386F6EED2C42E0EA00C62EBE /* SudachiEmuView.swift */,
				38020F522C4376DE00029E9A /* ControllerHandler */,
				38020F4B2C43764100029E9A /* EmuHandler */,
				38020F482C4375FC00029E9A /* Screen */,
			);
			path = EmulationView;
			sourceTree = "<group>";
		};
		386F6F2E2C42E62200C62EBE /* SettingsViews */ = {
			isa = PBXGroup;
			children = (
				38020F572C43AFD400029E9A /* CoreSettings */,
				386F6F2F2C42E63A00C62EBE /* SettingsView.swift */,
				38020F2E2C43566B00029E9A /* AdvancedSettings */,
				386F6F322C42E71500C62EBE /* InfoView */,
			);
			path = SettingsViews;
			sourceTree = "<group>";
		};
		386F6F322C42E71500C62EBE /* InfoView */ = {
			isa = PBXGroup;
			children = (
				386F6F332C42E98700C62EBE /* InfoView.swift */,
			);
			path = InfoView;
			sourceTree = "<group>";
		};
		386F6F352C42E9D200C62EBE /* JITClasses */ = {
			isa = PBXGroup;
			children = (
				38020F382C43754700029E9A /* SideJITServer */,
				38020F402C43754700029E9A /* Trollstore */,
			);
			path = JITClasses;
			sourceTree = "<group>";
		};
		38C50CEF2C1DCEA10007A953 /* Products */ = {
			isa = PBXGroup;
			children = (
				38C50CF32C1DCEA40007A953 /* libSudachi.a */,
			);
			name = Products;
			sourceTree = "<group>";
		};
		38C50D132C1DD4570007A953 /* Frameworks */ = {
			isa = PBXGroup;
			children = (
				38C50D162C1DD45F0007A953 /* CoreBluetooth.framework */,
				38C50D142C1DD4570007A953 /* GameController.framework */,
			);
			name = Frameworks;
			sourceTree = "<group>";
		};
		38C846C92C1DCE8900331706 /* XCFrameworks */ = {
			isa = PBXGroup;
			children = (
				38C846AC2C1DCE8900331706 /* MoltenVK.xcframework */,
				38C846AD2C1DCE8900331706 /* libavcodec.xcframework */,
				38C846AE2C1DCE8900331706 /* libavfilter.xcframework */,
				38C846AF2C1DCE8900331706 /* libavformat.xcframework */,
				38C846B02C1DCE8900331706 /* libavutil.xcframework */,
				38C846B12C1DCE8900331706 /* libswresample.xcframework */,
				38C846B22C1DCE8900331706 /* libswscale.xcframework */,
				38C846B32C1DCE8900331706 /* libGenericCodeGen.xcframework */,
				38C846B42C1DCE8900331706 /* libglslang.xcframework */,
				38C846B52C1DCE8900331706 /* libMachineIndependent.xcframework */,
				38C846B62C1DCE8900331706 /* boost_context.xcframework */,
				38C846B72C1DCE8900331706 /* boost_iostreams.xcframework */,
				38C846B82C1DCE8900331706 /* boost_program_options.xcframework */,
				38C846B92C1DCE8900331706 /* boost_serialization.xcframework */,
				38C846BA2C1DCE8900331706 /* libcryptopp.xcframework */,
				38C846BB2C1DCE8900331706 /* libdynarmic.xcframework */,
				38C846BC2C1DCE8900331706 /* libenet.xcframework */,
				38C846BD2C1DCE8900331706 /* libfaad.xcframework */,
				38C846BE2C1DCE8900331706 /* libfmt.xcframework */,
				38C846BF2C1DCE8900331706 /* libmbedcrypto.xcframework */,
				38C846C02C1DCE8900331706 /* libmbedtls.xcframework */,
				38C846C12C1DCE8900331706 /* libmbedx509.xcframework */,
				38C846C22C1DCE8900331706 /* libmcl.xcframework */,
				38C846C32C1DCE8900331706 /* libOpenAL.xcframework */,
				38C846C42C1DCE8900331706 /* libopus.xcframework */,
				38C846C52C1DCE8900331706 /* libsirit.xcframework */,
				38C846C62C1DCE8900331706 /* libSoundTouch.xcframework */,
				38C846C72C1DCE8900331706 /* libSPIRV.xcframework */,
				38C846C82C1DCE8900331706 /* libteakra.xcframework */,
			);
			path = XCFrameworks;
			sourceTree = "<group>";
		};
		38C846CA2C1DCE8900331706 /* Dependencies */ = {
			isa = PBXGroup;
			children = (
				38C846C92C1DCE8900331706 /* XCFrameworks */,
			);
			path = Dependencies;
			sourceTree = "<group>";
		};
/* End PBXGroup section */

/* Begin PBXNativeTarget section */
		384F18892C1DCB4F0073375C /* Pomelo */ = {
			isa = PBXNativeTarget;
			buildConfigurationList = 384F18AF2C1DCB520073375C /* Build configuration list for PBXNativeTarget "Pomelo" */;
			buildPhases = (
				384F18862C1DCB4F0073375C /* Sources */,
				384F18872C1DCB4F0073375C /* Frameworks */,
				384F18882C1DCB4F0073375C /* Resources */,
				38C50D002C1DCEE90007A953 /* Embed Frameworks */,
			);
			buildRules = (
			);
			dependencies = (
			);
			name = Pomelo;
			packageProductDependencies = (
				38C846542C1DCC7200331706 /* SDL */,
				38C846582C1DCC8400331706 /* OpenSSL */,
				38C50D0F2C1DCF5F0007A953 /* SwiftSyntax */,
				38C50D112C1DCF690007A953 /* SwiftSyntaxMacros */,
			);
			productName = Pomelo;
			productReference = 384F188A2C1DCB4F0073375C /* Pomelo.app */;
			productType = "com.apple.product-type.application";
		};
/* End PBXNativeTarget section */

/* Begin PBXProject section */
		384F18822C1DCB4F0073375C /* Project object */ = {
			isa = PBXProject;
			attributes = {
				BuildIndependentTargetsInParallel = 1;
				LastSwiftUpdateCheck = 1600;
				LastUpgradeCheck = 1600;
				TargetAttributes = {
					384F18892C1DCB4F0073375C = {
						CreatedOnToolsVersion = 16.0;
					};
				};
			};
			buildConfigurationList = 384F18852C1DCB4F0073375C /* Build configuration list for PBXProject "Pomelo" */;
			compatibilityVersion = "Xcode 15.0";
			developmentRegion = en;
			hasScannedForEncodings = 0;
			knownRegions = (
				en,
				Base,
			);
			mainGroup = 384F18812C1DCB4F0073375C;
			packageReferences = (
				38C846532C1DCC7200331706 /* XCRemoteSwiftPackageReference "SwiftSDL2" */,
				38C846572C1DCC8400331706 /* XCRemoteSwiftPackageReference "OpenSSL" */,
				38C8465A2C1DCCA100331706 /* XCRemoteSwiftPackageReference "swift-syntax" */,
			);
			productRefGroup = 384F188B2C1DCB4F0073375C /* Products */;
			projectDirPath = "";
			projectReferences = (
				{
					ProductGroup = 38C50CEF2C1DCEA10007A953 /* Products */;
					ProjectRef = 384F23C32C1DCBCC0073375C /* Sudachi.xcodeproj */;
				},
			);
			projectRoot = "";
			targets = (
				384F18892C1DCB4F0073375C /* Pomelo */,
			);
		};
/* End PBXProject section */

/* Begin PBXReferenceProxy section */
		38C50CF32C1DCEA40007A953 /* libSudachi.a */ = {
			isa = PBXReferenceProxy;
			fileType = archive.ar;
			path = libSudachi.a;
			remoteRef = 38C50CF22C1DCEA40007A953 /* PBXContainerItemProxy */;
			sourceTree = BUILT_PRODUCTS_DIR;
		};
/* End PBXReferenceProxy section */

/* Begin PBXResourcesBuildPhase section */
		384F18882C1DCB4F0073375C /* Resources */ = {
			isa = PBXResourcesBuildPhase;
			buildActionMask = 2147483647;
			files = (
				38020F412C43754700029E9A /* LICENSE in Resources */,
				384F18922C1DCB520073375C /* Assets.xcassets in Resources */,
			);
			runOnlyForDeploymentPostprocessing = 0;
		};
/* End PBXResourcesBuildPhase section */

/* Begin PBXSourcesBuildPhase section */
		384F18862C1DCB4F0073375C /* Sources */ = {
			isa = PBXSourcesBuildPhase;
			buildActionMask = 2147483647;
			files = (
				38020F352C43720200029E9A /* NavView.swift in Sources */,
				386F6EEC2C42E0C800C62EBE /* PomeloApp.swift in Sources */,
				38020F562C43A02100029E9A /* BootOSView.swift in Sources */,
				38020F4A2C43760A00029E9A /* SudachiScreenView.swift in Sources */,
				38020F302C43568500029E9A /* AdvancedSettingsView.swift in Sources */,
				386F6EE52C42E0B900C62EBE /* GameButtonView.swift in Sources */,
				386F6EEF2C42E0EA00C62EBE /* SudachiEmuView.swift in Sources */,
				386F6F302C42E64000C62EBE /* SettingsView.swift in Sources */,
				386F6EE62C42E0B900C62EBE /* ContentView.swift in Sources */,
				386F6EE72C42E0B900C62EBE /* GameListView.swift in Sources */,
				386F6EE82C42E0B900C62EBE /* LibraryView.swift in Sources */,
				386F6EE92C42E0B900C62EBE /* FileManager.swift in Sources */,
				386F6F342C42E98700C62EBE /* InfoView.swift in Sources */,
				38020F512C43769900029E9A /* MetalView.swift in Sources */,
				386F6EEA2C42E0B900C62EBE /* SudachiGame.swift in Sources */,
				38020F542C43770500029E9A /* ControllerView.swift in Sources */,
				38020F422C43754700029E9A /* JITEnabler.m in Sources */,
				38020F432C43754700029E9A /* EnableJIT.swift in Sources */,
				38020F442C43754700029E9A /* DetectServer.swift in Sources */,
				38020F452C43754700029E9A /* fishhook.c in Sources */,
				38020F462C43754700029E9A /* utils.m in Sources */,
				38020F5A2C43AFFA00029E9A /* CoreSettingsView.swift in Sources */,
				38020F4D2C43765400029E9A /* SudachiEmuHandler.swift in Sources */,
			);
			runOnlyForDeploymentPostprocessing = 0;
		};
/* End PBXSourcesBuildPhase section */

/* Begin XCBuildConfiguration section */
		384F18AD2C1DCB520073375C /* Debug */ = {
			isa = XCBuildConfiguration;
			buildSettings = {
				ALWAYS_SEARCH_USER_PATHS = NO;
				ASSETCATALOG_COMPILER_GENERATE_SWIFT_ASSET_SYMBOL_EXTENSIONS = YES;
				CLANG_ANALYZER_NONNULL = YES;
				CLANG_ANALYZER_NUMBER_OBJECT_CONVERSION = YES_AGGRESSIVE;
				CLANG_CXX_LANGUAGE_STANDARD = "gnu++20";
				CLANG_ENABLE_MODULES = YES;
				CLANG_ENABLE_OBJC_ARC = YES;
				CLANG_ENABLE_OBJC_WEAK = YES;
				CLANG_WARN_BLOCK_CAPTURE_AUTORELEASING = YES;
				CLANG_WARN_BOOL_CONVERSION = YES;
				CLANG_WARN_COMMA = YES;
				CLANG_WARN_CONSTANT_CONVERSION = YES;
				CLANG_WARN_DEPRECATED_OBJC_IMPLEMENTATIONS = YES;
				CLANG_WARN_DIRECT_OBJC_ISA_USAGE = YES_ERROR;
				CLANG_WARN_DOCUMENTATION_COMMENTS = YES;
				CLANG_WARN_EMPTY_BODY = YES;
				CLANG_WARN_ENUM_CONVERSION = YES;
				CLANG_WARN_INFINITE_RECURSION = YES;
				CLANG_WARN_INT_CONVERSION = YES;
				CLANG_WARN_NON_LITERAL_NULL_CONVERSION = YES;
				CLANG_WARN_OBJC_IMPLICIT_RETAIN_SELF = YES;
				CLANG_WARN_OBJC_LITERAL_CONVERSION = YES;
				CLANG_WARN_OBJC_ROOT_CLASS = YES_ERROR;
				CLANG_WARN_QUOTED_INCLUDE_IN_FRAMEWORK_HEADER = YES;
				CLANG_WARN_RANGE_LOOP_ANALYSIS = YES;
				CLANG_WARN_STRICT_PROTOTYPES = YES;
				CLANG_WARN_SUSPICIOUS_MOVE = YES;
				CLANG_WARN_UNGUARDED_AVAILABILITY = YES_AGGRESSIVE;
				CLANG_WARN_UNREACHABLE_CODE = YES;
				CLANG_WARN__DUPLICATE_METHOD_MATCH = YES;
				COPY_PHASE_STRIP = NO;
				DEBUG_INFORMATION_FORMAT = dwarf;
				ENABLE_STRICT_OBJC_MSGSEND = YES;
				ENABLE_TESTABILITY = YES;
				ENABLE_USER_SCRIPT_SANDBOXING = YES;
				GCC_C_LANGUAGE_STANDARD = gnu17;
				GCC_DYNAMIC_NO_PIC = NO;
				GCC_NO_COMMON_BLOCKS = YES;
				GCC_OPTIMIZATION_LEVEL = 0;
				GCC_PREPROCESSOR_DEFINITIONS = (
					"DEBUG=1",
					"$(inherited)",
				);
				GCC_WARN_64_TO_32_BIT_CONVERSION = YES;
				GCC_WARN_ABOUT_RETURN_TYPE = YES_ERROR;
				GCC_WARN_UNDECLARED_SELECTOR = YES;
				GCC_WARN_UNINITIALIZED_AUTOS = YES_AGGRESSIVE;
				GCC_WARN_UNUSED_FUNCTION = YES;
				GCC_WARN_UNUSED_VARIABLE = YES;
				LOCALIZATION_PREFERS_STRING_CATALOGS = YES;
				MACOSX_DEPLOYMENT_TARGET = 15.0;
				MTL_ENABLE_DEBUG_INFO = INCLUDE_SOURCE;
				MTL_FAST_MATH = YES;
				ONLY_ACTIVE_ARCH = YES;
				SDKROOT = macosx;
				SWIFT_ACTIVE_COMPILATION_CONDITIONS = "DEBUG $(inherited)";
				SWIFT_OPTIMIZATION_LEVEL = "-Onone";
			};
			name = Debug;
		};
		384F18AE2C1DCB520073375C /* Release */ = {
			isa = XCBuildConfiguration;
			buildSettings = {
				ALWAYS_SEARCH_USER_PATHS = NO;
				ASSETCATALOG_COMPILER_GENERATE_SWIFT_ASSET_SYMBOL_EXTENSIONS = YES;
				CLANG_ANALYZER_NONNULL = YES;
				CLANG_ANALYZER_NUMBER_OBJECT_CONVERSION = YES_AGGRESSIVE;
				CLANG_CXX_LANGUAGE_STANDARD = "gnu++20";
				CLANG_ENABLE_MODULES = YES;
				CLANG_ENABLE_OBJC_ARC = YES;
				CLANG_ENABLE_OBJC_WEAK = YES;
				CLANG_WARN_BLOCK_CAPTURE_AUTORELEASING = YES;
				CLANG_WARN_BOOL_CONVERSION = YES;
				CLANG_WARN_COMMA = YES;
				CLANG_WARN_CONSTANT_CONVERSION = YES;
				CLANG_WARN_DEPRECATED_OBJC_IMPLEMENTATIONS = YES;
				CLANG_WARN_DIRECT_OBJC_ISA_USAGE = YES_ERROR;
				CLANG_WARN_DOCUMENTATION_COMMENTS = YES;
				CLANG_WARN_EMPTY_BODY = YES;
				CLANG_WARN_ENUM_CONVERSION = YES;
				CLANG_WARN_INFINITE_RECURSION = YES;
				CLANG_WARN_INT_CONVERSION = YES;
				CLANG_WARN_NON_LITERAL_NULL_CONVERSION = YES;
				CLANG_WARN_OBJC_IMPLICIT_RETAIN_SELF = YES;
				CLANG_WARN_OBJC_LITERAL_CONVERSION = YES;
				CLANG_WARN_OBJC_ROOT_CLASS = YES_ERROR;
				CLANG_WARN_QUOTED_INCLUDE_IN_FRAMEWORK_HEADER = YES;
				CLANG_WARN_RANGE_LOOP_ANALYSIS = YES;
				CLANG_WARN_STRICT_PROTOTYPES = YES;
				CLANG_WARN_SUSPICIOUS_MOVE = YES;
				CLANG_WARN_UNGUARDED_AVAILABILITY = YES_AGGRESSIVE;
				CLANG_WARN_UNREACHABLE_CODE = YES;
				CLANG_WARN__DUPLICATE_METHOD_MATCH = YES;
				COPY_PHASE_STRIP = NO;
				DEBUG_INFORMATION_FORMAT = "dwarf-with-dsym";
				ENABLE_NS_ASSERTIONS = NO;
				ENABLE_STRICT_OBJC_MSGSEND = YES;
				ENABLE_USER_SCRIPT_SANDBOXING = YES;
				GCC_C_LANGUAGE_STANDARD = gnu17;
				GCC_NO_COMMON_BLOCKS = YES;
				GCC_WARN_64_TO_32_BIT_CONVERSION = YES;
				GCC_WARN_ABOUT_RETURN_TYPE = YES_ERROR;
				GCC_WARN_UNDECLARED_SELECTOR = YES;
				GCC_WARN_UNINITIALIZED_AUTOS = YES_AGGRESSIVE;
				GCC_WARN_UNUSED_FUNCTION = YES;
				GCC_WARN_UNUSED_VARIABLE = YES;
				LOCALIZATION_PREFERS_STRING_CATALOGS = YES;
				MACOSX_DEPLOYMENT_TARGET = 15.0;
				MTL_ENABLE_DEBUG_INFO = NO;
				MTL_FAST_MATH = YES;
				SDKROOT = macosx;
				SWIFT_COMPILATION_MODE = wholemodule;
			};
			name = Release;
		};
		384F18B02C1DCB520073375C /* Debug */ = {
			isa = XCBuildConfiguration;
			buildSettings = {
				ASSETCATALOG_COMPILER_APPICON_NAME = AppIcon;
				ASSETCATALOG_COMPILER_GLOBAL_ACCENT_COLOR_NAME = AccentColor;
				ASSETCATALOG_COMPILER_INCLUDE_ALL_APPICON_ASSETS = YES;
				ASSETCATALOG_COMPILER_STANDALONE_ICON_BEHAVIOR = all;
				CODE_SIGN_ENTITLEMENTS = Pomelo/Pomelo.entitlements;
				CODE_SIGN_STYLE = Automatic;
				COMBINE_HIDPI_IMAGES = YES;
				CURRENT_PROJECT_VERSION = 9;
				DEVELOPMENT_ASSET_PATHS = "";
				DEVELOPMENT_TEAM = F4QL9A2T88;
				ENABLE_HARDENED_RUNTIME = YES;
				ENABLE_PREVIEWS = YES;
				GENERATE_INFOPLIST_FILE = YES;
				INFOPLIST_FILE = Pomelo/Info.plist;
				INFOPLIST_KEY_LSApplicationCategoryType = "public.app-category.games";
				INFOPLIST_KEY_LSSupportsOpeningDocumentsInPlace = YES;
				INFOPLIST_KEY_NSHumanReadableCopyright = "";
				INFOPLIST_KEY_NSLocalNetworkUsageDescription = "Pomelo needs local network access for P2P Multiplayer ";
				INFOPLIST_KEY_UIApplicationSupportsIndirectInputEvents = YES;
				INFOPLIST_KEY_UILaunchScreen_Generation = YES;
				INFOPLIST_KEY_UIRequiresFullScreen = YES;
				INFOPLIST_KEY_UIStatusBarHidden = NO;
				INFOPLIST_KEY_UIStatusBarStyle = "";
				INFOPLIST_KEY_UISupportedInterfaceOrientations = "UIInterfaceOrientationLandscapeLeft UIInterfaceOrientationLandscapeRight UIInterfaceOrientationPortrait";
				IPHONEOS_DEPLOYMENT_TARGET = 16.0;
				LD_RUNPATH_SEARCH_PATHS = (
					"$(inherited)",
					"@executable_path/Frameworks",
				);
				LIBRARY_SEARCH_PATHS = (
					"$(inherited)",
					"\"$(PROJECT_DIR)/Pomelo/Dependencies/Dynamic\\\\\\\\ Libraries\"",
				);
				MARKETING_VERSION = 0.0.9;
				OTHER_LDFLAGS = "-lSudachi";
				PRODUCT_BUNDLE_IDENTIFIER = com.stossy11.Pomelo;
				PRODUCT_NAME = "$(TARGET_NAME)";
				REGISTER_APP_GROUPS = YES;
				SDKROOT = iphoneos;
				SUPPORTED_PLATFORMS = "iphoneos iphonesimulator";
				SUPPORTS_MACCATALYST = NO;
				SUPPORTS_MAC_DESIGNED_FOR_IPHONE_IPAD = YES;
				SUPPORTS_XR_DESIGNED_FOR_IPHONE_IPAD = YES;
				SWIFT_EMIT_LOC_STRINGS = YES;
				SWIFT_VERSION = 5.0;
				TARGETED_DEVICE_FAMILY = "1,2";
			};
			name = Debug;
		};
		384F18B12C1DCB520073375C /* Release */ = {
			isa = XCBuildConfiguration;
			buildSettings = {
				ASSETCATALOG_COMPILER_APPICON_NAME = AppIcon;
				ASSETCATALOG_COMPILER_GLOBAL_ACCENT_COLOR_NAME = AccentColor;
				ASSETCATALOG_COMPILER_INCLUDE_ALL_APPICON_ASSETS = YES;
				ASSETCATALOG_COMPILER_STANDALONE_ICON_BEHAVIOR = all;
				CODE_SIGN_ENTITLEMENTS = Pomelo/Pomelo.entitlements;
				CODE_SIGN_STYLE = Automatic;
				COMBINE_HIDPI_IMAGES = YES;
				CURRENT_PROJECT_VERSION = 9;
				DEVELOPMENT_ASSET_PATHS = "";
				DEVELOPMENT_TEAM = F4QL9A2T88;
				ENABLE_HARDENED_RUNTIME = YES;
				ENABLE_PREVIEWS = YES;
				GENERATE_INFOPLIST_FILE = YES;
				INFOPLIST_FILE = Pomelo/Info.plist;
				INFOPLIST_KEY_LSApplicationCategoryType = "public.app-category.games";
				INFOPLIST_KEY_LSSupportsOpeningDocumentsInPlace = YES;
				INFOPLIST_KEY_NSHumanReadableCopyright = "";
				INFOPLIST_KEY_NSLocalNetworkUsageDescription = "Pomelo needs local network access for P2P Multiplayer ";
				INFOPLIST_KEY_UIApplicationSupportsIndirectInputEvents = YES;
				INFOPLIST_KEY_UILaunchScreen_Generation = YES;
				INFOPLIST_KEY_UIRequiresFullScreen = YES;
				INFOPLIST_KEY_UIStatusBarHidden = NO;
				INFOPLIST_KEY_UIStatusBarStyle = "";
				INFOPLIST_KEY_UISupportedInterfaceOrientations = "UIInterfaceOrientationLandscapeLeft UIInterfaceOrientationLandscapeRight UIInterfaceOrientationPortrait";
				IPHONEOS_DEPLOYMENT_TARGET = 16.0;
				LD_RUNPATH_SEARCH_PATHS = (
					"$(inherited)",
					"@executable_path/Frameworks",
				);
				LIBRARY_SEARCH_PATHS = (
					"$(inherited)",
					"\"$(PROJECT_DIR)/Pomelo/Dependencies/Dynamic\\\\\\\\ Libraries\"",
				);
				MARKETING_VERSION = 0.0.9;
				OTHER_LDFLAGS = "-lSudachi";
				PRODUCT_BUNDLE_IDENTIFIER = com.stossy11.Pomelo;
				PRODUCT_NAME = "$(TARGET_NAME)";
				REGISTER_APP_GROUPS = YES;
				SDKROOT = iphoneos;
				SUPPORTED_PLATFORMS = "iphoneos iphonesimulator";
				SUPPORTS_MACCATALYST = NO;
				SUPPORTS_MAC_DESIGNED_FOR_IPHONE_IPAD = YES;
				SUPPORTS_XR_DESIGNED_FOR_IPHONE_IPAD = YES;
				SWIFT_EMIT_LOC_STRINGS = YES;
				SWIFT_VERSION = 5.0;
				TARGETED_DEVICE_FAMILY = "1,2";
			};
			name = Release;
		};
/* End XCBuildConfiguration section */

/* Begin XCConfigurationList section */
		384F18852C1DCB4F0073375C /* Build configuration list for PBXProject "Pomelo" */ = {
			isa = XCConfigurationList;
			buildConfigurations = (
				384F18AD2C1DCB520073375C /* Debug */,
				384F18AE2C1DCB520073375C /* Release */,
			);
			defaultConfigurationIsVisible = 0;
			defaultConfigurationName = Debug;
		};
		384F18AF2C1DCB520073375C /* Build configuration list for PBXNativeTarget "Pomelo" */ = {
			isa = XCConfigurationList;
			buildConfigurations = (
				384F18B02C1DCB520073375C /* Debug */,
				384F18B12C1DCB520073375C /* Release */,
			);
			defaultConfigurationIsVisible = 0;
			defaultConfigurationName = Debug;
		};
/* End XCConfigurationList section */

/* Begin XCRemoteSwiftPackageReference section */
		38C846532C1DCC7200331706 /* XCRemoteSwiftPackageReference "SwiftSDL2" */ = {
			isa = XCRemoteSwiftPackageReference;
			repositoryURL = "https://github.com/ctreffs/SwiftSDL2";
			requirement = {
				kind = upToNextMajorVersion;
				minimumVersion = 1.4.1;
			};
		};
		38C846572C1DCC8400331706 /* XCRemoteSwiftPackageReference "OpenSSL" */ = {
			isa = XCRemoteSwiftPackageReference;
			repositoryURL = "https://github.com/krzyzanowskim/OpenSSL";
			requirement = {
				kind = upToNextMajorVersion;
				minimumVersion = 3.1.5004;
			};
		};
		38C8465A2C1DCCA100331706 /* XCRemoteSwiftPackageReference "swift-syntax" */ = {
			isa = XCRemoteSwiftPackageReference;
			repositoryURL = "https://github.com/apple/swift-syntax.git";
			requirement = {
				kind = upToNextMajorVersion;
				minimumVersion = 510.0.2;
			};
		};
/* End XCRemoteSwiftPackageReference section */

/* Begin XCSwiftPackageProductDependency section */
		38C50D0F2C1DCF5F0007A953 /* SwiftSyntax */ = {
			isa = XCSwiftPackageProductDependency;
			package = 38C8465A2C1DCCA100331706 /* XCRemoteSwiftPackageReference "swift-syntax" */;
			productName = SwiftSyntax;
		};
		38C50D112C1DCF690007A953 /* SwiftSyntaxMacros */ = {
			isa = XCSwiftPackageProductDependency;
			package = 38C8465A2C1DCCA100331706 /* XCRemoteSwiftPackageReference "swift-syntax" */;
			productName = SwiftSyntaxMacros;
		};
		38C846542C1DCC7200331706 /* SDL */ = {
			isa = XCSwiftPackageProductDependency;
			package = 38C846532C1DCC7200331706 /* XCRemoteSwiftPackageReference "SwiftSDL2" */;
			productName = SDL;
		};
		38C846582C1DCC8400331706 /* OpenSSL */ = {
			isa = XCSwiftPackageProductDependency;
			package = 38C846572C1DCC8400331706 /* XCRemoteSwiftPackageReference "OpenSSL" */;
			productName = OpenSSL;
		};
/* End XCSwiftPackageProductDependency section */
	};
	rootObject = 384F18822C1DCB4F0073375C /* Project object */;
}
