{
  "originHash" : "fca29c9ce42f9bb658054c8b20b968ea3e917b49f2be689036b2308c2087ab65",
  "pins" : [
    {
      "identity" : "joystick",
      "kind" : "remoteSourceControl",
      "location" : "https://github.com/bradhowes/Joystick",
      "state" : {
        "revision" : "c37e9596dc7756fae3d6720ab09e090a30b6179c",
        "version" : "3.2.0"
      }
    },
    {
      "identity" : "lz4-spm",
      "kind" : "remoteSourceControl",
      "location" : "https://github.com/milch/lz4-spm",
      "state" : {
        "revision" : "9e6aa5e4e833e6454ba3a357250dd4eb31c48f99",
        "version" : "1.9.3"
      }
    },
    {
      "identity" : "openssl",
      "kind" : "remoteSourceControl",
      "location" : "https://github.com/krzyzanowskim/OpenSSL",
      "state" : {
        "revision" : "84a8ae774291a4ab1971e42908d5114d98d4b623",
        "version" : "3.1.5004"
      }
    },
    {
      "identity" : "swift-syntax",
      "kind" : "remoteSourceControl",
      "location" : "https://github.com/apple/swift-syntax.git",
      "state" : {
        "revision" : "303e5c5c36d6a558407d364878df131c3546fad8",
        "version" : "510.0.2"
      }
    },
    {
      "identity" : "swiftsdl2",
      "kind" : "remoteSourceControl",
      "location" : "https://github.com/ctreffs/SwiftSDL2",
      "state" : {
        "revision" : "30a2886bd68e43fc19ba29b63ffe230ac0e4db7a",
        "version" : "1.4.1"
      }
    },
    {
      "identity" : "swiftui-introspect",
      "kind" : "remoteSourceControl",
      "location" : "https://github.com/siteline/SwiftUI-Introspect",
      "state" : {
        "revision" : "807f73ce09a9b9723f12385e592b4e0aaebd3336",
        "version" : "1.3.0"
      }
    },
    {
      "identity" : "zip",
      "kind" : "remoteSourceControl",
      "location" : "https://github.com/marmelroy/Zip",
      "state" : {
        "revision" : "67fa55813b9e7b3b9acee9c0ae501def28746d76",
        "version" : "2.1.2"
      }
    },
    {
      "identity" : "zstd",
      "kind" : "remoteSourceControl",
      "location" : "https://github.com/facebook/zstd",
      "state" : {
        "branch" : "dev",
        "revision" : "3242ac598e6f17d8008f6110337a3b4c1205842b"
      }
    }
  ],
  "version" : 3
}
